
Microsoft Visual Studio Solution File, Format Version 12.00
# Visual Studio Version 17
VisualStudioVersion = 17.0.31903.59
MinimumVisualStudioVersion = 10.0.40219.1
Project("{2150E333-8FDC-42A3-9474-1A3956D46DE8}") = "src", "src", "{CFABD92F-DAC9-4FDF-B835-B87358E3B6DA}"
EndProject
Project("{FAE04EC0-301F-11D3-BF4B-00C04F79EFBC}") = "EasyVPN.Api", "src\EasyVPN.Api\EasyVPN.Api.csproj", "{00D7C943-6A66-478F-814B-B1D56A5C363C}"
EndProject
Project("{FAE04EC0-301F-11D3-BF4B-00C04F79EFBC}") = "EasyVPN.Application", "src\EasyVPN.Application\EasyVPN.Application.csproj", "{B8432D75-6E32-4D9B-932F-E3B9607A7137}"
EndProject
Project("{FAE04EC0-301F-11D3-BF4B-00C04F79EFBC}") = "EasyVPN.Contracts", "src\EasyVPN.Contracts\EasyVPN.Contracts.csproj", "{A59D9CB3-8946-43B1-A97B-AB7A638195E6}"
EndProject
Project("{FAE04EC0-301F-11D3-BF4B-00C04F79EFBC}") = "EasyVPN.Domain", "src\EasyVPN.Domain\EasyVPN.Domain.csproj", "{25270F18-8356-433A-91E9-5A96090C1278}"
EndProject
Project("{FAE04EC0-301F-11D3-BF4B-00C04F79EFBC}") = "EasyVPN.Infrastructure", "src\EasyVPN.Infrastructure\EasyVPN.Infrastructure.csproj", "{0F2992C2-4325-41A4-A7D1-550C63A269F6}"
EndProject
Project("{2150E333-8FDC-42A3-9474-1A3956D46DE8}") = "tests", "tests", "{A71909E3-5D7A-443C-8FC2-689BAC76AFAD}"
EndProject
Project("{2150E333-8FDC-42A3-9474-1A3956D46DE8}") = "UnitTests", "UnitTests", "{F03EF153-1344-48CA-B08E-CE8593D41693}"
EndProject
Project("{FAE04EC0-301F-11D3-BF4B-00C04F79EFBC}") = "EasyVPN.Application.UnitTests", "tests\UnitTests\EasyVPN.Application.UnitTests\EasyVPN.Application.UnitTests.csproj", "{03FA3C02-AB50-4D1D-A903-9615ED0C210F}"
EndProject
Global
	GlobalSection(SolutionConfigurationPlatforms) = preSolution
		Debug|Any CPU = Debug|Any CPU
		Release|Any CPU = Release|Any CPU
	EndGlobalSection
	GlobalSection(SolutionProperties) = preSolution
		HideSolutionNode = FALSE
	EndGlobalSection
	GlobalSection(ProjectConfigurationPlatforms) = postSolution
		{00D7C943-6A66-478F-814B-B1D56A5C363C}.Debug|Any CPU.ActiveCfg = Debug|Any CPU
		{00D7C943-6A66-478F-814B-B1D56A5C363C}.Debug|Any CPU.Build.0 = Debug|Any CPU
		{00D7C943-6A66-478F-814B-B1D56A5C363C}.Release|Any CPU.ActiveCfg = Release|Any CPU
		{00D7C943-6A66-478F-814B-B1D56A5C363C}.Release|Any CPU.Build.0 = Release|Any CPU
		{B8432D75-6E32-4D9B-932F-E3B9607A7137}.Debug|Any CPU.ActiveCfg = Debug|Any CPU
		{B8432D75-6E32-4D9B-932F-E3B9607A7137}.Debug|Any CPU.Build.0 = Debug|Any CPU
		{B8432D75-6E32-4D9B-932F-E3B9607A7137}.Release|Any CPU.ActiveCfg = Release|Any CPU
		{B8432D75-6E32-4D9B-932F-E3B9607A7137}.Release|Any CPU.Build.0 = Release|Any CPU
		{A59D9CB3-8946-43B1-A97B-AB7A638195E6}.Debug|Any CPU.ActiveCfg = Debug|Any CPU
		{A59D9CB3-8946-43B1-A97B-AB7A638195E6}.Debug|Any CPU.Build.0 = Debug|Any CPU
		{A59D9CB3-8946-43B1-A97B-AB7A638195E6}.Release|Any CPU.ActiveCfg = Release|Any CPU
		{A59D9CB3-8946-43B1-A97B-AB7A638195E6}.Release|Any CPU.Build.0 = Release|Any CPU
		{25270F18-8356-433A-91E9-5A96090C1278}.Debug|Any CPU.ActiveCfg = Debug|Any CPU
		{25270F18-8356-433A-91E9-5A96090C1278}.Debug|Any CPU.Build.0 = Debug|Any CPU
		{25270F18-8356-433A-91E9-5A96090C1278}.Release|Any CPU.ActiveCfg = Release|Any CPU
		{25270F18-8356-433A-91E9-5A96090C1278}.Release|Any CPU.Build.0 = Release|Any CPU
		{0F2992C2-4325-41A4-A7D1-550C63A269F6}.Debug|Any CPU.ActiveCfg = Debug|Any CPU
		{0F2992C2-4325-41A4-A7D1-550C63A269F6}.Debug|Any CPU.Build.0 = Debug|Any CPU
		{0F2992C2-4325-41A4-A7D1-550C63A269F6}.Release|Any CPU.ActiveCfg = Release|Any CPU
		{0F2992C2-4325-41A4-A7D1-550C63A269F6}.Release|Any CPU.Build.0 = Release|Any CPU
		{03FA3C02-AB50-4D1D-A903-9615ED0C210F}.Debug|Any CPU.ActiveCfg = Debug|Any CPU
		{03FA3C02-AB50-4D1D-A903-9615ED0C210F}.Debug|Any CPU.Build.0 = Debug|Any CPU
		{03FA3C02-AB50-4D1D-A903-9615ED0C210F}.Release|Any CPU.ActiveCfg = Release|Any CPU
		{03FA3C02-AB50-4D1D-A903-9615ED0C210F}.Release|Any CPU.Build.0 = Release|Any CPU
	EndGlobalSection
	GlobalSection(NestedProjects) = preSolution
		{00D7C943-6A66-478F-814B-B1D56A5C363C} = {CFABD92F-DAC9-4FDF-B835-B87358E3B6DA}
		{B8432D75-6E32-4D9B-932F-E3B9607A7137} = {CFABD92F-DAC9-4FDF-B835-B87358E3B6DA}
		{A59D9CB3-8946-43B1-A97B-AB7A638195E6} = {CFABD92F-DAC9-4FDF-B835-B87358E3B6DA}
		{25270F18-8356-433A-91E9-5A96090C1278} = {CFABD92F-DAC9-4FDF-B835-B87358E3B6DA}
		{0F2992C2-4325-41A4-A7D1-550C63A269F6} = {CFABD92F-DAC9-4FDF-B835-B87358E3B6DA}
		{F03EF153-1344-48CA-B08E-CE8593D41693} = {A71909E3-5D7A-443C-8FC2-689BAC76AFAD}
		{03FA3C02-AB50-4D1D-A903-9615ED0C210F} = {F03EF153-1344-48CA-B08E-CE8593D41693}
	EndGlobalSection
EndGlobal
